
Microsoft Visual Studio Solution File, Format Version 12.00
# Visual Studio Version 16
VisualStudioVersion = 16.0.29905.134
MinimumVisualStudioVersion = 10.0.40219.1
Project("{FAE04EC0-301F-11D3-BF4B-00C04F79EFBC}") = "paint", "paint.csproj", "{87EBAD6D-CC22-4B98-935D-DCE8730E0612}"
EndProject
Global
	GlobalSection(SolutionConfigurationPlatforms) = preSolution
		Debug|Any CPU = Debug|Any CPU
		Release|Any CPU = Release|Any CPU
	EndGlobalSection
	GlobalSection(ProjectConfigurationPlatforms) = postSolution
		{87EBAD6D-CC22-4B98-935D-DCE8730E0612}.Debug|Any CPU.ActiveCfg = Debug|Any CPU
		{87EBAD6D-CC22-4B98-935D-DCE8730E0612}.Debug|Any CPU.Build.0 = Debug|Any CPU
		{87EBAD6D-CC22-4B98-935D-DCE8730E0612}.Release|Any CPU.ActiveCfg = Release|Any CPU
		{87EBAD6D-CC22-4B98-935D-DCE8730E0612}.Release|Any CPU.Build.0 = Release|Any CPU
	EndGlobalSection
	GlobalSection(SolutionProperties) = preSolution
		HideSolutionNode = FALSE
	EndGlobalSection
	GlobalSection(ExtensibilityGlobals) = postSolution
		SolutionGuid = {6FEB824C-BAD3-42F5-ACB4-EC6079DAF046}
	EndGlobalSection
EndGlobal
